{
  "name": "captcha-cv-ocr",
  "version": "1.1.0",
  "lockfileVersion": 1,
  "requires": true,
  "dependencies": {
    "bmp-js": {
      "version": "0.1.0",
      "resolved": "https://registry.npmjs.org/bmp-js/-/bmp-js-0.1.0.tgz",
      "integrity": "sha1-4Fpj95amwf8l9Hcex62twUjAcjM="
    },
    "file-type": {
      "version": "12.4.2",
      "resolved": "https://registry.npmjs.org/file-type/-/file-type-12.4.2.tgz",
      "integrity": "sha512-UssQP5ZgIOKelfsaB5CuGAL+Y+q7EmONuiwF3N5HAH0t27rvrttgi6Ra9k/+DVaY9UF6+ybxu5pOXLUdA8N7Vg=="
    },
    "idb-keyval": {
      "version": "3.2.0",
      "resolved": "https://registry.npmjs.org/idb-keyval/-/idb-keyval-3.2.0.tgz",
      "integrity": "sha512-slx8Q6oywCCSfKgPgL0sEsXtPVnSbTLWpyiDcu6msHOyKOLari1TD1qocXVCft80umnkk3/Qqh3lwoFt8T/BPQ=="
    },
    "is-electron": {
      "version": "2.2.0",
      "resolved": "https://registry.npmjs.org/is-electron/-/is-electron-2.2.0.tgz",
      "integrity": "sha512-SpMppC2XR3YdxSzczXReBjqs2zGscWQpBIKqwXYBFic0ERaxNVgwLCHwOLZeESfdJQjX0RDvrJ1lBXX2ij+G1Q=="
    },
    "is-url": {
      "version": "1.2.4",
      "resolved": "https://registry.npmjs.org/is-url/-/is-url-1.2.4.tgz",
      "integrity": "sha512-ITvGim8FhRiYe4IQ5uHSkj7pVaPDrCTkNd3yq3cV7iZAcJdHTUMPMEHcqSOy9xZ9qFenQCvi+2wjH9a1nXqHww=="
    },
    "node-fetch": {
      "version": "2.6.0",
      "resolved": "https://registry.npmjs.org/node-fetch/-/node-fetch-2.6.0.tgz",
      "integrity": "sha512-8dG4H5ujfvFiqDmVu9fQ5bOHUC15JMjMY/Zumv26oOvvVJjM67KF8koCWIabKQ1GJIa9r2mMZscBq/TbdOcmNA=="
    },
    "opencollective-postinstall": {
      "version": "2.0.2",
      "resolved": "https://registry.npmjs.org/opencollective-postinstall/-/opencollective-postinstall-2.0.2.tgz",
      "integrity": "sha512-pVOEP16TrAO2/fjej1IdOyupJY8KDUM1CvsaScRbw6oddvpQoOfGk4ywha0HKKVAD6RkW4x6Q+tNBwhf3Bgpuw=="
    },
    "regenerator-runtime": {
      "version": "0.13.3",
      "resolved": "https://registry.npmjs.org/regenerator-runtime/-/regenerator-runtime-0.13.3.tgz",
      "integrity": "sha512-naKIZz2GQ8JWh///G7L3X6LaQUAMp2lvb1rvwwsURe/VXwD6VMfr+/1NuNw3ag8v2kY1aQ/go5SNn79O9JU7yw=="
    },
    "resolve-url": {
      "version": "0.2.1",
      "resolved": "https://registry.npmjs.org/resolve-url/-/resolve-url-0.2.1.tgz",
      "integrity": "sha1-LGN/53yJOv0qZj/iGqkIAGjiBSo="
    },
    "tesseract.js": {
      "version": "2.0.2",
      "resolved": "https://registry.npmjs.org/tesseract.js/-/tesseract.js-2.0.2.tgz",
      "integrity": "sha512-LeZmvmYDDErqBbVSzvGHAujZUQSmjYB0iZkmwvbc+QbA840rf+0CYkCMURIuE54zDrv0Qms+QINZokQr78FkBA==",
      "requires": {
        "bmp-js": "^0.1.0",
        "file-type": "^12.4.1",
        "idb-keyval": "^3.2.0",
        "is-electron": "^2.2.0",
        "is-url": "^1.2.4",
        "node-fetch": "^2.6.0",
        "opencollective-postinstall": "^2.0.2",
        "regenerator-runtime": "^0.13.3",
        "resolve-url": "^0.2.1",
        "tesseract.js-core": "^2.0.0",
        "zlibjs": "^0.3.1"
      }
    },
    "tesseract.js-core": {
      "version": "2.0.0",
      "resolved": "https://registry.npmjs.org/tesseract.js-core/-/tesseract.js-core-2.0.0.tgz",
      "integrity": "sha512-Oi+V/0iuDQarM9OaLRso6y8U0lPZy9dDaLBoSWNd9c5FSsvgL6OoIDRS+Pum/noAQw7Q3V8vetlf+SgQNRdorA=="
    },
    "zlibjs": {
      "version": "0.3.1",
      "resolved": "https://registry.npmjs.org/zlibjs/-/zlibjs-0.3.1.tgz",
      "integrity": "sha1-UBl+2yihxCymWcyLTmqd3W1ERVQ="
    }
  }
}
